
Microsoft Visual Studio Solution File, Format Version 12.00
# Visual Studio Version 17
VisualStudioVersion = 17.0.32112.339
MinimumVisualStudioVersion = 10.0.40219.1
Project("{FAE04EC0-301F-11D3-BF4B-00C04F79EFBC}") = "ITP4915M_sales_system", "UI\ITP4915M_sales_system.csproj", "{7B5B235F-231B-476D-93BA-DDF917460299}"
EndProject
Global
	GlobalSection(SolutionConfigurationPlatforms) = preSolution
		Debug|Any CPU = Debug|Any CPU
		Release|Any CPU = Release|Any CPU
	EndGlobalSection
	GlobalSection(ProjectConfigurationPlatforms) = postSolution
		{7B5B235F-231B-476D-93BA-DDF917460299}.Debug|Any CPU.ActiveCfg = Debug|Any CPU
		{7B5B235F-231B-476D-93BA-DDF917460299}.Debug|Any CPU.Build.0 = Debug|Any CPU
		{7B5B235F-231B-476D-93BA-DDF917460299}.Release|Any CPU.ActiveCfg = Release|Any CPU
		{7B5B235F-231B-476D-93BA-DDF917460299}.Release|Any CPU.Build.0 = Release|Any CPU
	EndGlobalSection
	GlobalSection(SolutionProperties) = preSolution
		HideSolutionNode = FALSE
	EndGlobalSection
	GlobalSection(ExtensibilityGlobals) = postSolution
		SolutionGuid = {2216D199-6300-4CB0-AC9C-52EBA9A3F4F9}
	EndGlobalSection
EndGlobal
